// !$*UTF8*$!
{
	archiveVersion = 1;
	classes = {
	};
	objectVersion = 77;
	objects = {

/* Begin PBXContainerItemProxy section */
		46CCD2FD2CC484BE00186DB1 /* PBXContainerItemProxy */ = {
			isa = PBXContainerItemProxy;
			containerPortal = 46CCD2E42CC484BC00186DB1 /* Project object */;
			proxyType = 1;
			remoteGlobalIDString = 46CCD2EB2CC484BC00186DB1;
			remoteInfo = MyAppForEach1;
		};
		46CCD3072CC484BE00186DB1 /* PBXContainerItemProxy */ = {
			isa = PBXContainerItemProxy;
			containerPortal = 46CCD2E42CC484BC00186DB1 /* Project object */;
			proxyType = 1;
			remoteGlobalIDString = 46CCD2EB2CC484BC00186DB1;
			remoteInfo = MyAppForEach1;
		};
/* End PBXContainerItemProxy section */

/* Begin PBXFileReference section */
		46CCD2EC2CC484BC00186DB1 /* MyAppForEach1.app */ = {isa = PBXFileReference; explicitFileType = wrapper.application; includeInIndex = 0; path = MyAppForEach1.app; sourceTree = BUILT_PRODUCTS_DIR; };
		46CCD2FC2CC484BE00186DB1 /* MyAppForEach1Tests.xctest */ = {isa = PBXFileReference; explicitFileType = wrapper.cfbundle; includeInIndex = 0; path = MyAppForEach1Tests.xctest; sourceTree = BUILT_PRODUCTS_DIR; };
		46CCD3062CC484BE00186DB1 /* MyAppForEach1UITests.xctest */ = {isa = PBXFileReference; explicitFileType = wrapper.cfbundle; includeInIndex = 0; path = MyAppForEach1UITests.xctest; sourceTree = BUILT_PRODUCTS_DIR; };
/* End PBXFileReference section */

/* Begin PBXFileSystemSynchronizedRootGroup section */
		46CCD2EE2CC484BC00186DB1 /* MyAppForEach1 */ = {
			isa = PBXFileSystemSynchronizedRootGroup;
			path = MyAppForEach1;
			sourceTree = "<group>";
		};
		46CCD2FF2CC484BE00186DB1 /* MyAppForEach1Tests */ = {
			isa = PBXFileSystemSynchronizedRootGroup;
			path = MyAppForEach1Tests;
			sourceTree = "<group>";
		};
		46CCD3092CC484BE00186DB1 /* MyAppForEach1UITests */ = {
			isa = PBXFileSystemSynchronizedRootGroup;
			path = MyAppForEach1UITests;
			sourceTree = "<group>";
		};
/* End PBXFileSystemSynchronizedRootGroup section */

/* Begin PBXFrameworksBuildPhase section */
		46CCD2E92CC484BC00186DB1 /* Frameworks */ = {
			isa = PBXFrameworksBuildPhase;
			buildActionMask = 2147483647;
			files = (
			);
			runOnlyForDeploymentPostprocessing = 0;
		};
		46CCD2F92CC484BE00186DB1 /* Frameworks */ = {
			isa = PBXFrameworksBuildPhase;
			buildActionMask = 2147483647;
			files = (
			);
			runOnlyForDeploymentPostprocessing = 0;
		};
		46CCD3032CC484BE00186DB1 /* Frameworks */ = {
			isa = PBXFrameworksBuildPhase;
			buildActionMask = 2147483647;
			files = (
			);
			runOnlyForDeploymentPostprocessing = 0;
		};
/* End PBXFrameworksBuildPhase section */

/* Begin PBXGroup section */
		46CCD2E32CC484BC00186DB1 = {
			isa = PBXGroup;
			children = (
				46CCD2EE2CC484BC00186DB1 /* MyAppForEach1 */,
				46CCD2FF2CC484BE00186DB1 /* MyAppForEach1Tests */,
				46CCD3092CC484BE00186DB1 /* MyAppForEach1UITests */,
				46CCD2ED2CC484BC00186DB1 /* Products */,
			);
			sourceTree = "<group>";
		};
		46CCD2ED2CC484BC00186DB1 /* Products */ = {
			isa = PBXGroup;
			children = (
				46CCD2EC2CC484BC00186DB1 /* MyAppForEach1.app */,
				46CCD2FC2CC484BE00186DB1 /* MyAppForEach1Tests.xctest */,
				46CCD3062CC484BE00186DB1 /* MyAppForEach1UITests.xctest */,
			);
			name = Products;
			sourceTree = "<group>";
		};
/* End PBXGroup section */

/* Begin PBXNativeTarget section */
		46CCD2EB2CC484BC00186DB1 /* MyAppForEach1 */ = {
			isa = PBXNativeTarget;
			buildConfigurationList = 46CCD3102CC484BE00186DB1 /* Build configuration list for PBXNativeTarget "MyAppForEach1" */;
			buildPhases = (
				46CCD2E82CC484BC00186DB1 /* Sources */,
				46CCD2E92CC484BC00186DB1 /* Frameworks */,
				46CCD2EA2CC484BC00186DB1 /* Resources */,
			);
			buildRules = (
			);
			dependencies = (
			);
			fileSystemSynchronizedGroups = (
				46CCD2EE2CC484BC00186DB1 /* MyAppForEach1 */,
			);
			name = MyAppForEach1;
			packageProductDependencies = (
			);
			productName = MyAppForEach1;
			productReference = 46CCD2EC2CC484BC00186DB1 /* MyAppForEach1.app */;
			productType = "com.apple.product-type.application";
		};
		46CCD2FB2CC484BE00186DB1 /* MyAppForEach1Tests */ = {
			isa = PBXNativeTarget;
			buildConfigurationList = 46CCD3132CC484BE00186DB1 /* Build configuration list for PBXNativeTarget "MyAppForEach1Tests" */;
			buildPhases = (
				46CCD2F82CC484BE00186DB1 /* Sources */,
				46CCD2F92CC484BE00186DB1 /* Frameworks */,
				46CCD2FA2CC484BE00186DB1 /* Resources */,
			);
			buildRules = (
			);
			dependencies = (
				46CCD2FE2CC484BE00186DB1 /* PBXTargetDependency */,
			);
			fileSystemSynchronizedGroups = (
				46CCD2FF2CC484BE00186DB1 /* MyAppForEach1Tests */,
			);
			name = MyAppForEach1Tests;
			packageProductDependencies = (
			);
			productName = MyAppForEach1Tests;
			productReference = 46CCD2FC2CC484BE00186DB1 /* MyAppForEach1Tests.xctest */;
			productType = "com.apple.product-type.bundle.unit-test";
		};
		46CCD3052CC484BE00186DB1 /* MyAppForEach1UITests */ = {
			isa = PBXNativeTarget;
			buildConfigurationList = 46CCD3162CC484BE00186DB1 /* Build configuration list for PBXNativeTarget "MyAppForEach1UITests" */;
			buildPhases = (
				46CCD3022CC484BE00186DB1 /* Sources */,
				46CCD3032CC484BE00186DB1 /* Frameworks */,
				46CCD3042CC484BE00186DB1 /* Resources */,
			);
			buildRules = (
			);
			dependencies = (
				46CCD3082CC484BE00186DB1 /* PBXTargetDependency */,
			);
			fileSystemSynchronizedGroups = (
				46CCD3092CC484BE00186DB1 /* MyAppForEach1UITests */,
			);
			name = MyAppForEach1UITests;
			packageProductDependencies = (
			);
			productName = MyAppForEach1UITests;
			productReference = 46CCD3062CC484BE00186DB1 /* MyAppForEach1UITests.xctest */;
			productType = "com.apple.product-type.bundle.ui-testing";
		};
/* End PBXNativeTarget section */

/* Begin PBXProject section */
		46CCD2E42CC484BC00186DB1 /* Project object */ = {
			isa = PBXProject;
			attributes = {
				BuildIndependentTargetsInParallel = 1;
				LastSwiftUpdateCheck = 1600;
				LastUpgradeCheck = 1600;
				TargetAttributes = {
					46CCD2EB2CC484BC00186DB1 = {
						CreatedOnToolsVersion = 16.0;
					};
					46CCD2FB2CC484BE00186DB1 = {
						CreatedOnToolsVersion = 16.0;
						TestTargetID = 46CCD2EB2CC484BC00186DB1;
					};
					46CCD3052CC484BE00186DB1 = {
						CreatedOnToolsVersion = 16.0;
						TestTargetID = 46CCD2EB2CC484BC00186DB1;
					};
				};
			};
			buildConfigurationList = 46CCD2E72CC484BC00186DB1 /* Build configuration list for PBXProject "MyAppForEach1" */;
			developmentRegion = en;
			hasScannedForEncodings = 0;
			knownRegions = (
				en,
				Base,
			);
			mainGroup = 46CCD2E32CC484BC00186DB1;
			minimizedProjectReferenceProxies = 1;
			preferredProjectObjectVersion = 77;
			productRefGroup = 46CCD2ED2CC484BC00186DB1 /* Products */;
			projectDirPath = "";
			projectRoot = "";
			targets = (
				46CCD2EB2CC484BC00186DB1 /* MyAppForEach1 */,
				46CCD2FB2CC484BE00186DB1 /* MyAppForEach1Tests */,
				46CCD3052CC484BE00186DB1 /* MyAppForEach1UITests */,
			);
		};
/* End PBXProject section */

/* Begin PBXResourcesBuildPhase section */
		46CCD2EA2CC484BC00186DB1 /* Resources */ = {
			isa = PBXResourcesBuildPhase;
			buildActionMask = 2147483647;
			files = (
			);
			runOnlyForDeploymentPostprocessing = 0;
		};
		46CCD2FA2CC484BE00186DB1 /* Resources */ = {
			isa = PBXResourcesBuildPhase;
			buildActionMask = 2147483647;
			files = (
			);
			runOnlyForDeploymentPostprocessing = 0;
		};
		46CCD3042CC484BE00186DB1 /* Resources */ = {
			isa = PBXResourcesBuildPhase;
			buildActionMask = 2147483647;
			files = (
			);
			runOnlyForDeploymentPostprocessing = 0;
		};
/* End PBXResourcesBuildPhase section */

/* Begin PBXSourcesBuildPhase section */
		46CCD2E82CC484BC00186DB1 /* Sources */ = {
			isa = PBXSourcesBuildPhase;
			buildActionMask = 2147483647;
			files = (
			);
			runOnlyForDeploymentPostprocessing = 0;
		};
		46CCD2F82CC484BE00186DB1 /* Sources */ = {
			isa = PBXSourcesBuildPhase;
			buildActionMask = 2147483647;
			files = (
			);
			runOnlyForDeploymentPostprocessing = 0;
		};
		46CCD3022CC484BE00186DB1 /* Sources */ = {
			isa = PBXSourcesBuildPhase;
			buildActionMask = 2147483647;
			files = (
			);
			runOnlyForDeploymentPostprocessing = 0;
		};
/* End PBXSourcesBuildPhase section */

/* Begin PBXTargetDependency section */
		46CCD2FE2CC484BE00186DB1 /* PBXTargetDependency */ = {
			isa = PBXTargetDependency;
			target = 46CCD2EB2CC484BC00186DB1 /* MyAppForEach1 */;
			targetProxy = 46CCD2FD2CC484BE00186DB1 /* PBXContainerItemProxy */;
		};
		46CCD3082CC484BE00186DB1 /* PBXTargetDependency */ = {
			isa = PBXTargetDependency;
			target = 46CCD2EB2CC484BC00186DB1 /* MyAppForEach1 */;
			targetProxy = 46CCD3072CC484BE00186DB1 /* PBXContainerItemProxy */;
		};
/* End PBXTargetDependency section */

/* Begin XCBuildConfiguration section */
		46CCD30E2CC484BE00186DB1 /* Debug */ = {
			isa = XCBuildConfiguration;
			buildSettings = {
				ALWAYS_SEARCH_USER_PATHS = NO;
				ASSETCATALOG_COMPILER_GENERATE_SWIFT_ASSET_SYMBOL_EXTENSIONS = YES;
				CLANG_ANALYZER_NONNULL = YES;
				CLANG_ANALYZER_NUMBER_OBJECT_CONVERSION = YES_AGGRESSIVE;
				CLANG_CXX_LANGUAGE_STANDARD = "gnu++20";
				CLANG_ENABLE_MODULES = YES;
				CLANG_ENABLE_OBJC_ARC = YES;
				CLANG_ENABLE_OBJC_WEAK = YES;
				CLANG_WARN_BLOCK_CAPTURE_AUTORELEASING = YES;
				CLANG_WARN_BOOL_CONVERSION = YES;
				CLANG_WARN_COMMA = YES;
				CLANG_WARN_CONSTANT_CONVERSION = YES;
				CLANG_WARN_DEPRECATED_OBJC_IMPLEMENTATIONS = YES;
				CLANG_WARN_DIRECT_OBJC_ISA_USAGE = YES_ERROR;
				CLANG_WARN_DOCUMENTATION_COMMENTS = YES;
				CLANG_WARN_EMPTY_BODY = YES;
				CLANG_WARN_ENUM_CONVERSION = YES;
				CLANG_WARN_INFINITE_RECURSION = YES;
				CLANG_WARN_INT_CONVERSION = YES;
				CLANG_WARN_NON_LITERAL_NULL_CONVERSION = YES;
				CLANG_WARN_OBJC_IMPLICIT_RETAIN_SELF = YES;
				CLANG_WARN_OBJC_LITERAL_CONVERSION = YES;
				CLANG_WARN_OBJC_ROOT_CLASS = YES_ERROR;
				CLANG_WARN_QUOTED_INCLUDE_IN_FRAMEWORK_HEADER = YES;
				CLANG_WARN_RANGE_LOOP_ANALYSIS = YES;
				CLANG_WARN_STRICT_PROTOTYPES = YES;
				CLANG_WARN_SUSPICIOUS_MOVE = YES;
				CLANG_WARN_UNGUARDED_AVAILABILITY = YES_AGGRESSIVE;
				CLANG_WARN_UNREACHABLE_CODE = YES;
				CLANG_WARN__DUPLICATE_METHOD_MATCH = YES;
				COPY_PHASE_STRIP = NO;
				DEBUG_INFORMATION_FORMAT = dwarf;
				ENABLE_STRICT_OBJC_MSGSEND = YES;
				ENABLE_TESTABILITY = YES;
				ENABLE_USER_SCRIPT_SANDBOXING = YES;
				GCC_C_LANGUAGE_STANDARD = gnu17;
				GCC_DYNAMIC_NO_PIC = NO;
				GCC_NO_COMMON_BLOCKS = YES;
				GCC_OPTIMIZATION_LEVEL = 0;
				GCC_PREPROCESSOR_DEFINITIONS = (
					"DEBUG=1",
					"$(inherited)",
				);
				GCC_WARN_64_TO_32_BIT_CONVERSION = YES;
				GCC_WARN_ABOUT_RETURN_TYPE = YES_ERROR;
				GCC_WARN_UNDECLARED_SELECTOR = YES;
				GCC_WARN_UNINITIALIZED_AUTOS = YES_AGGRESSIVE;
				GCC_WARN_UNUSED_FUNCTION = YES;
				GCC_WARN_UNUSED_VARIABLE = YES;
				IPHONEOS_DEPLOYMENT_TARGET = 18.0;
				LOCALIZATION_PREFERS_STRING_CATALOGS = YES;
				MTL_ENABLE_DEBUG_INFO = INCLUDE_SOURCE;
				MTL_FAST_MATH = YES;
				ONLY_ACTIVE_ARCH = YES;
				SDKROOT = iphoneos;
				SWIFT_ACTIVE_COMPILATION_CONDITIONS = "DEBUG $(inherited)";
				SWIFT_OPTIMIZATION_LEVEL = "-Onone";
			};
			name = Debug;
		};
		46CCD30F2CC484BE00186DB1 /* Release */ = {
			isa = XCBuildConfiguration;
			buildSettings = {
				ALWAYS_SEARCH_USER_PATHS = NO;
				ASSETCATALOG_COMPILER_GENERATE_SWIFT_ASSET_SYMBOL_EXTENSIONS = YES;
				CLANG_ANALYZER_NONNULL = YES;
				CLANG_ANALYZER_NUMBER_OBJECT_CONVERSION = YES_AGGRESSIVE;
				CLANG_CXX_LANGUAGE_STANDARD = "gnu++20";
				CLANG_ENABLE_MODULES = YES;
				CLANG_ENABLE_OBJC_ARC = YES;
				CLANG_ENABLE_OBJC_WEAK = YES;
				CLANG_WARN_BLOCK_CAPTURE_AUTORELEASING = YES;
				CLANG_WARN_BOOL_CONVERSION = YES;
				CLANG_WARN_COMMA = YES;
				CLANG_WARN_CONSTANT_CONVERSION = YES;
				CLANG_WARN_DEPRECATED_OBJC_IMPLEMENTATIONS = YES;
				CLANG_WARN_DIRECT_OBJC_ISA_USAGE = YES_ERROR;
				CLANG_WARN_DOCUMENTATION_COMMENTS = YES;
				CLANG_WARN_EMPTY_BODY = YES;
				CLANG_WARN_ENUM_CONVERSION = YES;
				CLANG_WARN_INFINITE_RECURSION = YES;
				CLANG_WARN_INT_CONVERSION = YES;
				CLANG_WARN_NON_LITERAL_NULL_CONVERSION = YES;
				CLANG_WARN_OBJC_IMPLICIT_RETAIN_SELF = YES;
				CLANG_WARN_OBJC_LITERAL_CONVERSION = YES;
				CLANG_WARN_OBJC_ROOT_CLASS = YES_ERROR;
				CLANG_WARN_QUOTED_INCLUDE_IN_FRAMEWORK_HEADER = YES;
				CLANG_WARN_RANGE_LOOP_ANALYSIS = YES;
				CLANG_WARN_STRICT_PROTOTYPES = YES;
				CLANG_WARN_SUSPICIOUS_MOVE = YES;
				CLANG_WARN_UNGUARDED_AVAILABILITY = YES_AGGRESSIVE;
				CLANG_WARN_UNREACHABLE_CODE = YES;
				CLANG_WARN__DUPLICATE_METHOD_MATCH = YES;
				COPY_PHASE_STRIP = NO;
				DEBUG_INFORMATION_FORMAT = "dwarf-with-dsym";
				ENABLE_NS_ASSERTIONS = NO;
				ENABLE_STRICT_OBJC_MSGSEND = YES;
				ENABLE_USER_SCRIPT_SANDBOXING = YES;
				GCC_C_LANGUAGE_STANDARD = gnu17;
				GCC_NO_COMMON_BLOCKS = YES;
				GCC_WARN_64_TO_32_BIT_CONVERSION = YES;
				GCC_WARN_ABOUT_RETURN_TYPE = YES_ERROR;
				GCC_WARN_UNDECLARED_SELECTOR = YES;
				GCC_WARN_UNINITIALIZED_AUTOS = YES_AGGRESSIVE;
				GCC_WARN_UNUSED_FUNCTION = YES;
				GCC_WARN_UNUSED_VARIABLE = YES;
				IPHONEOS_DEPLOYMENT_TARGET = 18.0;
				LOCALIZATION_PREFERS_STRING_CATALOGS = YES;
				MTL_ENABLE_DEBUG_INFO = NO;
				MTL_FAST_MATH = YES;
				SDKROOT = iphoneos;
				SWIFT_COMPILATION_MODE = wholemodule;
				VALIDATE_PRODUCT = YES;
			};
			name = Release;
		};
		46CCD3112CC484BE00186DB1 /* Debug */ = {
			isa = XCBuildConfiguration;
			buildSettings = {
				ASSETCATALOG_COMPILER_APPICON_NAME = AppIcon;
				ASSETCATALOG_COMPILER_GLOBAL_ACCENT_COLOR_NAME = AccentColor;
				CODE_SIGN_STYLE = Automatic;
				CURRENT_PROJECT_VERSION = 1;
				DEVELOPMENT_ASSET_PATHS = "\"MyAppForEach1/Preview Content\"";
				DEVELOPMENT_TEAM = YKP3867T9W;
				ENABLE_PREVIEWS = YES;
				GENERATE_INFOPLIST_FILE = YES;
				INFOPLIST_KEY_UIApplicationSceneManifest_Generation = YES;
				INFOPLIST_KEY_UIApplicationSupportsIndirectInputEvents = YES;
				INFOPLIST_KEY_UILaunchScreen_Generation = YES;
				INFOPLIST_KEY_UISupportedInterfaceOrientations_iPad = "UIInterfaceOrientationPortrait UIInterfaceOrientationPortraitUpsideDown UIInterfaceOrientationLandscapeLeft UIInterfaceOrientationLandscapeRight";
				INFOPLIST_KEY_UISupportedInterfaceOrientations_iPhone = "UIInterfaceOrientationPortrait UIInterfaceOrientationLandscapeLeft UIInterfaceOrientationLandscapeRight";
				LD_RUNPATH_SEARCH_PATHS = (
					"$(inherited)",
					"@executable_path/Frameworks",
				);
				MARKETING_VERSION = 1.0;
				PRODUCT_BUNDLE_IDENTIFIER = jp.ne.sannet.moris.MyAppForEach1;
				PRODUCT_NAME = "$(TARGET_NAME)";
				SWIFT_EMIT_LOC_STRINGS = YES;
				SWIFT_VERSION = 5.0;
				TARGETED_DEVICE_FAMILY = "1,2";
			};
			name = Debug;
		};
		46CCD3122CC484BE00186DB1 /* Release */ = {
			isa = XCBuildConfiguration;
			buildSettings = {
				ASSETCATALOG_COMPILER_APPICON_NAME = AppIcon;
				ASSETCATALOG_COMPILER_GLOBAL_ACCENT_COLOR_NAME = AccentColor;
				CODE_SIGN_STYLE = Automatic;
				CURRENT_PROJECT_VERSION = 1;
				DEVELOPMENT_ASSET_PATHS = "\"MyAppForEach1/Preview Content\"";
				DEVELOPMENT_TEAM = YKP3867T9W;
				ENABLE_PREVIEWS = YES;
				GENERATE_INFOPLIST_FILE = YES;
				INFOPLIST_KEY_UIApplicationSceneManifest_Generation = YES;
				INFOPLIST_KEY_UIApplicationSupportsIndirectInputEvents = YES;
				INFOPLIST_KEY_UILaunchScreen_Generation = YES;
				INFOPLIST_KEY_UISupportedInterfaceOrientations_iPad = "UIInterfaceOrientationPortrait UIInterfaceOrientationPortraitUpsideDown UIInterfaceOrientationLandscapeLeft UIInterfaceOrientationLandscapeRight";
				INFOPLIST_KEY_UISupportedInterfaceOrientations_iPhone = "UIInterfaceOrientationPortrait UIInterfaceOrientationLandscapeLeft UIInterfaceOrientationLandscapeRight";
				LD_RUNPATH_SEARCH_PATHS = (
					"$(inherited)",
					"@executable_path/Frameworks",
				);
				MARKETING_VERSION = 1.0;
				PRODUCT_BUNDLE_IDENTIFIER = jp.ne.sannet.moris.MyAppForEach1;
				PRODUCT_NAME = "$(TARGET_NAME)";
				SWIFT_EMIT_LOC_STRINGS = YES;
				SWIFT_VERSION = 5.0;
				TARGETED_DEVICE_FAMILY = "1,2";
			};
			name = Release;
		};
		46CCD3142CC484BE00186DB1 /* Debug */ = {
			isa = XCBuildConfiguration;
			buildSettings = {
				BUNDLE_LOADER = "$(TEST_HOST)";
				CODE_SIGN_STYLE = Automatic;
				CURRENT_PROJECT_VERSION = 1;
				DEVELOPMENT_TEAM = YKP3867T9W;
				GENERATE_INFOPLIST_FILE = YES;
				IPHONEOS_DEPLOYMENT_TARGET = 18.0;
				MARKETING_VERSION = 1.0;
				PRODUCT_BUNDLE_IDENTIFIER = jp.ne.sannet.moris.MyAppForEach1Tests;
				PRODUCT_NAME = "$(TARGET_NAME)";
				SWIFT_EMIT_LOC_STRINGS = NO;
				SWIFT_VERSION = 5.0;
				TARGETED_DEVICE_FAMILY = "1,2";
				TEST_HOST = "$(BUILT_PRODUCTS_DIR)/MyAppForEach1.app/$(BUNDLE_EXECUTABLE_FOLDER_PATH)/MyAppForEach1";
			};
			name = Debug;
		};
		46CCD3152CC484BE00186DB1 /* Release */ = {
			isa = XCBuildConfiguration;
			buildSettings = {
				BUNDLE_LOADER = "$(TEST_HOST)";
				CODE_SIGN_STYLE = Automatic;
				CURRENT_PROJECT_VERSION = 1;
				DEVELOPMENT_TEAM = YKP3867T9W;
				GENERATE_INFOPLIST_FILE = YES;
				IPHONEOS_DEPLOYMENT_TARGET = 18.0;
				MARKETING_VERSION = 1.0;
				PRODUCT_BUNDLE_IDENTIFIER = jp.ne.sannet.moris.MyAppForEach1Tests;
				PRODUCT_NAME = "$(TARGET_NAME)";
				SWIFT_EMIT_LOC_STRINGS = NO;
				SWIFT_VERSION = 5.0;
				TARGETED_DEVICE_FAMILY = "1,2";
				TEST_HOST = "$(BUILT_PRODUCTS_DIR)/MyAppForEach1.app/$(BUNDLE_EXECUTABLE_FOLDER_PATH)/MyAppForEach1";
			};
			name = Release;
		};
		46CCD3172CC484BE00186DB1 /* Debug */ = {
			isa = XCBuildConfiguration;
			buildSettings = {
				CODE_SIGN_STYLE = Automatic;
				CURRENT_PROJECT_VERSION = 1;
				DEVELOPMENT_TEAM = YKP3867T9W;
				GENERATE_INFOPLIST_FILE = YES;
				MARKETING_VERSION = 1.0;
				PRODUCT_BUNDLE_IDENTIFIER = jp.ne.sannet.moris.MyAppForEach1UITests;
				PRODUCT_NAME = "$(TARGET_NAME)";
				SWIFT_EMIT_LOC_STRINGS = NO;
				SWIFT_VERSION = 5.0;
				TARGETED_DEVICE_FAMILY = "1,2";
				TEST_TARGET_NAME = MyAppForEach1;
			};
			name = Debug;
		};
		46CCD3182CC484BE00186DB1 /* Release */ = {
			isa = XCBuildConfiguration;
			buildSettings = {
				CODE_SIGN_STYLE = Automatic;
				CURRENT_PROJECT_VERSION = 1;
				DEVELOPMENT_TEAM = YKP3867T9W;
				GENERATE_INFOPLIST_FILE = YES;
				MARKETING_VERSION = 1.0;
				PRODUCT_BUNDLE_IDENTIFIER = jp.ne.sannet.moris.MyAppForEach1UITests;
				PRODUCT_NAME = "$(TARGET_NAME)";
				SWIFT_EMIT_LOC_STRINGS = NO;
				SWIFT_VERSION = 5.0;
				TARGETED_DEVICE_FAMILY = "1,2";
				TEST_TARGET_NAME = MyAppForEach1;
			};
			name = Release;
		};
/* End XCBuildConfiguration section */

/* Begin XCConfigurationList section */
		46CCD2E72CC484BC00186DB1 /* Build configuration list for PBXProject "MyAppForEach1" */ = {
			isa = XCConfigurationList;
			buildConfigurations = (
				46CCD30E2CC484BE00186DB1 /* Debug */,
				46CCD30F2CC484BE00186DB1 /* Release */,
			);
			defaultConfigurationIsVisible = 0;
			defaultConfigurationName = Release;
		};
		46CCD3102CC484BE00186DB1 /* Build configuration list for PBXNativeTarget "MyAppForEach1" */ = {
			isa = XCConfigurationList;
			buildConfigurations = (
				46CCD3112CC484BE00186DB1 /* Debug */,
				46CCD3122CC484BE00186DB1 /* Release */,
			);
			defaultConfigurationIsVisible = 0;
			defaultConfigurationName = Release;
		};
		46CCD3132CC484BE00186DB1 /* Build configuration list for PBXNativeTarget "MyAppForEach1Tests" */ = {
			isa = XCConfigurationList;
			buildConfigurations = (
				46CCD3142CC484BE00186DB1 /* Debug */,
				46CCD3152CC484BE00186DB1 /* Release */,
			);
			defaultConfigurationIsVisible = 0;
			defaultConfigurationName = Release;
		};
		46CCD3162CC484BE00186DB1 /* Build configuration list for PBXNativeTarget "MyAppForEach1UITests" */ = {
			isa = XCConfigurationList;
			buildConfigurations = (
				46CCD3172CC484BE00186DB1 /* Debug */,
				46CCD3182CC484BE00186DB1 /* Release */,
			);
			defaultConfigurationIsVisible = 0;
			defaultConfigurationName = Release;
		};
/* End XCConfigurationList section */
	};
	rootObject = 46CCD2E42CC484BC00186DB1 /* Project object */;
}
